{
    "version": 3,
    "terraform_version": "0.11.13",
    "serial": 4,
    "lineage": "e47f28bc-750a-ca81-a4ec-0afe81871075",
    "modules": [
        {
            "path": [
                "root"
            ],
            "outputs": {
                "gcp_cluster_endpoint": {
                    "sensitive": false,
                    "type": "string",
                    "value": "35.244.25.27"
                },
                "gcp_cluster_name": {
                    "sensitive": false,
                    "type": "string",
                    "value": "t1-cluster"
                },
                "gcp_ssh_command": {
                    "sensitive": false,
                    "type": "string",
                    "value": "ssh sanjeev@35.244.25.27"
                }
            },
            "resources": {
                "google_container_cluster.gcp_kubernetes": {
                    "type": "google_container_cluster",
                    "depends_on": [],
                    "primary": {
                        "id": "t1-cluster",
                        "attributes": {
                            "additional_zones.#": "0",
                            "addons_config.#": "1",
                            "addons_config.0.horizontal_pod_autoscaling.#": "0",
                            "addons_config.0.http_load_balancing.#": "0",
                            "addons_config.0.kubernetes_dashboard.#": "1",
                            "addons_config.0.kubernetes_dashboard.0.disabled": "true",
                            "addons_config.0.network_policy_config.#": "1",
                            "addons_config.0.network_policy_config.0.disabled": "true",
                            "cluster_autoscaling.#": "0",
                            "cluster_ipv4_cidr": "10.52.0.0/14",
                            "description": "",
                            "enable_kubernetes_alpha": "false",
                            "enable_legacy_abac": "false",
                            "endpoint": "35.244.25.27",
                            "id": "t1-cluster",
                            "initial_node_count": "1",
                            "instance_group_urls.#": "1",
                            "instance_group_urls.0": "https://www.googleapis.com/compute/v1/projects/annular-beacon-238207/zones/asia-south1-c/instanceGroups/gke-t1-cluster-default-pool-15d735c1-grp",
                            "ip_allocation_policy.#": "0",
                            "location": "asia-south1-c",
                            "logging_service": "logging.googleapis.com",
                            "maintenance_policy.#": "0",
                            "master_auth.#": "1",
                            "master_auth.0.client_certificate": "",
                            "master_auth.0.client_certificate_config.#": "1",
                            "master_auth.0.client_certificate_config.0.issue_client_certificate": "false",
                            "master_auth.0.client_key": "",
                            "master_auth.0.cluster_ca_certificate": "LS0tLS1CRUdJTiBDRVJUSUZJQ0FURS0tLS0tCk1JSURDekNDQWZPZ0F3SUJBZ0lRZUJYcWllWmNBSE5yM3JnWDFZK2haekFOQmdrcWhraUc5dzBCQVFzRkFEQXYKTVMwd0t3WURWUVFERXlRNU1qaGlOemN6T0MwMU5UZ3lMVFF4TXpndFltWTNZUzAzWVRsaU5EYzFZVFZoTkdFdwpIaGNOTVRrd056RTJNRGt3TVRRMFdoY05NalF3TnpFME1UQXdNVFEwV2pBdk1TMHdLd1lEVlFRREV5UTVNamhpCk56Y3pPQzAxTlRneUxUUXhNemd0WW1ZM1lTMDNZVGxpTkRjMVlUVmhOR0V3Z2dFaU1BMEdDU3FHU0liM0RRRUIKQVFVQUE0SUJEd0F3Z2dFS0FvSUJBUUNBaE9sN2tBUEdvaEtMUjBENTUvWWhuM0IyVHMzeWlieStuU1lGdHZ1cQpEU28yVFV1MTNXNFZSNm5oUmlaN0ErQmV4UnpyeGZUSVhIRUdwL3pLa0N1aEpKNEVVNzU2aVN1cVU4WVNZWVRTClpjc3NCZHp1VlJJb1ZnOXBoay9CcTBRdjZ6aERsTFM0TExkZi9QN25VcHBLeVg4VnlZdzZyL0hhL0N4eXhnWGgKck1QYXA3bVhDWDFJcEJocWpmeGtPVE1IQ0wwTXhIK3lOL1pMdXJsVkxrS2hzbUlwZEx6WFpyTkI0b3JxM3VFegpGaHoyZ2hWczRYc1lGS2haWFRpR2tsQThxcVJKemQveTRpa3pwZkZyQWxzRVorUjFTL2ZrenQrNUFPRDdYbWl3CjNPMVFpZzR3THhsZ3hlK1BoQzlWVmpZUzlFbzN0bTFRY1BDemN1NE1wNzViQWdNQkFBR2pJekFoTUE0R0ExVWQKRHdFQi93UUVBd0lDQkRBUEJnTlZIUk1CQWY4RUJUQURBUUgvTUEwR0NTcUdTSWIzRFFFQkN3VUFBNElCQVFCOAphWktQWWNLZWp3NGRQcDkyYjFSc2JGNEdOczFNRG5HZ0xNaC9IUlJzV2RxcmhaY0VvU1JzSHUrUDJ3OHVqVDFLCm5iOVcvL2h5MVRxeTJ2K2pzTGJvTXlBT2tVWjVvZUVRMHBNK2Jia0xQdk1qdlZMNkp0YTRXcmlEN3pBemdLbWcKYjkyODhwUlRwK0pIdzZaVURTN3ZMZ01rd2J0bm1CcjdGbzZOWWZCOExPVHpXMW0zR2lVemtFWkM1QWlwYit1Qwp0cjhXZWVDVUt3N0FIZHYxSDd1NWErV1RWM2libzF0OXp6cWIwKzEyL0drRkdXQkY1V0YyY1lqMDFFT3U1TlgrCmZRSGduZGZZU1VMV2ZEUHdjdnhLWStMRmIvYWNiSGMrRTFJWmVEQXByck85aHJBNjAxVEZXWWVmNHdmTE03c1MKQXY3YU0rVzkxdTBzaWQ1ZU4xSXIKLS0tLS1FTkQgQ0VSVElGSUNBVEUtLS0tLQo=",
                            "master_auth.0.password": "strongclusterpassword",
                            "master_auth.0.username": "sanjeev",
                            "master_authorized_networks_config.#": "0",
                            "master_version": "1.12.8-gke.10",
                            "monitoring_service": "monitoring.googleapis.com",
                            "name": "t1-cluster",
                            "network": "projects/annular-beacon-238207/global/networks/default",
                            "network_policy.#": "1",
                            "network_policy.0.enabled": "false",
                            "network_policy.0.provider": "PROVIDER_UNSPECIFIED",
                            "node_config.#": "1",
                            "node_config.0.disk_size_gb": "100",
                            "node_config.0.disk_type": "pd-standard",
                            "node_config.0.guest_accelerator.#": "0",
                            "node_config.0.image_type": "COS",
                            "node_config.0.labels.%": "1",
                            "node_config.0.labels.this-is-for": "dev-cluster",
                            "node_config.0.local_ssd_count": "0",
                            "node_config.0.machine_type": "n1-standard-1",
                            "node_config.0.metadata.%": "1",
                            "node_config.0.metadata.disable-legacy-endpoints": "true",
                            "node_config.0.min_cpu_platform": "",
                            "node_config.0.oauth_scopes.#": "4",
                            "node_config.0.oauth_scopes.1277378754": "https://www.googleapis.com/auth/monitoring",
                            "node_config.0.oauth_scopes.1632638332": "https://www.googleapis.com/auth/devstorage.read_only",
                            "node_config.0.oauth_scopes.172152165": "https://www.googleapis.com/auth/logging.write",
                            "node_config.0.oauth_scopes.299962681": "https://www.googleapis.com/auth/compute",
                            "node_config.0.preemptible": "false",
                            "node_config.0.sandbox_config.#": "0",
                            "node_config.0.service_account": "default",
                            "node_config.0.tags.#": "2",
                            "node_config.0.tags.0": "dev",
                            "node_config.0.tags.1": "work",
                            "node_config.0.taint.#": "0",
                            "node_config.0.workload_metadata_config.#": "0",
                            "node_locations.#": "0",
                            "node_pool.#": "1",
                            "node_pool.0.autoscaling.#": "0",
                            "node_pool.0.initial_node_count": "1",
                            "node_pool.0.instance_group_urls.#": "1",
                            "node_pool.0.instance_group_urls.0": "https://www.googleapis.com/compute/v1/projects/annular-beacon-238207/zones/asia-south1-c/instanceGroupManagers/gke-t1-cluster-default-pool-15d735c1-grp",
                            "node_pool.0.management.#": "1",
                            "node_pool.0.management.0.auto_repair": "false",
                            "node_pool.0.management.0.auto_upgrade": "false",
                            "node_pool.0.max_pods_per_node": "0",
                            "node_pool.0.name": "default-pool",
                            "node_pool.0.name_prefix": "",
                            "node_pool.0.node_config.#": "1",
                            "node_pool.0.node_config.0.disk_size_gb": "100",
                            "node_pool.0.node_config.0.disk_type": "pd-standard",
                            "node_pool.0.node_config.0.guest_accelerator.#": "0",
                            "node_pool.0.node_config.0.image_type": "COS",
                            "node_pool.0.node_config.0.labels.%": "1",
                            "node_pool.0.node_config.0.labels.this-is-for": "dev-cluster",
                            "node_pool.0.node_config.0.local_ssd_count": "0",
                            "node_pool.0.node_config.0.machine_type": "n1-standard-1",
                            "node_pool.0.node_config.0.metadata.%": "1",
                            "node_pool.0.node_config.0.metadata.disable-legacy-endpoints": "true",
                            "node_pool.0.node_config.0.min_cpu_platform": "",
                            "node_pool.0.node_config.0.oauth_scopes.#": "4",
                            "node_pool.0.node_config.0.oauth_scopes.1277378754": "https://www.googleapis.com/auth/monitoring",
                            "node_pool.0.node_config.0.oauth_scopes.1632638332": "https://www.googleapis.com/auth/devstorage.read_only",
                            "node_pool.0.node_config.0.oauth_scopes.172152165": "https://www.googleapis.com/auth/logging.write",
                            "node_pool.0.node_config.0.oauth_scopes.299962681": "https://www.googleapis.com/auth/compute",
                            "node_pool.0.node_config.0.preemptible": "false",
                            "node_pool.0.node_config.0.sandbox_config.#": "0",
                            "node_pool.0.node_config.0.service_account": "default",
                            "node_pool.0.node_config.0.tags.#": "2",
                            "node_pool.0.node_config.0.tags.0": "dev",
                            "node_pool.0.node_config.0.tags.1": "work",
                            "node_pool.0.node_config.0.taint.#": "0",
                            "node_pool.0.node_config.0.workload_metadata_config.#": "0",
                            "node_pool.0.node_count": "1",
                            "node_pool.0.version": "1.12.8-gke.10",
                            "node_version": "1.12.8-gke.10",
                            "private_cluster_config.#": "0",
                            "project": "annular-beacon-238207",
                            "resource_labels.%": "0",
                            "services_ipv4_cidr": "10.55.240.0/20",
                            "subnetwork": "projects/annular-beacon-238207/regions/asia-south1/subnetworks/default",
                            "zone": "asia-south1-c"
                        },
                        "meta": {
                            "e2bfb730-ecaa-11e6-8f88-34363bc7c4c0": {
                                "create": 1800000000000,
                                "delete": 1800000000000,
                                "update": 3600000000000
                            },
                            "schema_version": "1"
                        },
                        "tainted": false
                    },
                    "deposed": [],
                    "provider": "provider.google"
                }
            },
            "depends_on": []
        }
    ]
}
